Microsoft Visual Studio Solution File, Format Version 12.00
# Visual Studio Version 17
VisualStudioVersion = 17.5.002.0
MinimumVisualStudioVersion = 10.0.40219.1
Project("{9A19103F-16F7-4668-BE54-9A1E7A4F7556}") = "Game_EscapeFromTemu", "Game_EscapeFromTemu.csproj", "{1A318054-1470-4D96-A371-BEEDC46D02A3}"
EndProject
Global
	GlobalSection(SolutionConfigurationPlatforms) = preSolution
		Debug|Any CPU = Debug|Any CPU
		Release|Any CPU = Release|Any CPU
	EndGlobalSection
	GlobalSection(ProjectConfigurationPlatforms) = postSolution
		{1A318054-1470-4D96-A371-BEEDC46D02A3}.Debug|Any CPU.ActiveCfg = Debug|Any CPU
		{1A318054-1470-4D96-A371-BEEDC46D02A3}.Debug|Any CPU.Build.0 = Debug|Any CPU
		{1A318054-1470-4D96-A371-BEEDC46D02A3}.Release|Any CPU.ActiveCfg = Release|Any CPU
		{1A318054-1470-4D96-A371-BEEDC46D02A3}.Release|Any CPU.Build.0 = Release|Any CPU
	EndGlobalSection
	GlobalSection(SolutionProperties) = preSolution
		HideSolutionNode = FALSE
	EndGlobalSection
	GlobalSection(ExtensibilityGlobals) = postSolution
		SolutionGuid = {77CB244D-B168-4A04-A381-BE1C131072DC}
	EndGlobalSection
EndGlobal